
Microsoft Visual Studio Solution File, Format Version 12.00
# Visual Studio Version 17
VisualStudioVersion = 17.5.33502.453
MinimumVisualStudioVersion = 10.0.40219.1
Project("{FAE04EC0-301F-11D3-BF4B-00C04F79EFBC}") = "PacMan", "PacMan\PacMan.csproj", "{FF70EE5A-3F2E-4A65-8351-D4CA78599F96}"
EndProject
Global
	GlobalSection(SolutionConfigurationPlatforms) = preSolution
		Debug|Any CPU = Debug|Any CPU
		Release|Any CPU = Release|Any CPU
	EndGlobalSection
	GlobalSection(ProjectConfigurationPlatforms) = postSolution
		{FF70EE5A-3F2E-4A65-8351-D4CA78599F96}.Debug|Any CPU.ActiveCfg = Debug|Any CPU
		{FF70EE5A-3F2E-4A65-8351-D4CA78599F96}.Debug|Any CPU.Build.0 = Debug|Any CPU
		{FF70EE5A-3F2E-4A65-8351-D4CA78599F96}.Release|Any CPU.ActiveCfg = Release|Any CPU
		{FF70EE5A-3F2E-4A65-8351-D4CA78599F96}.Release|Any CPU.Build.0 = Release|Any CPU
	EndGlobalSection
	GlobalSection(SolutionProperties) = preSolution
		HideSolutionNode = FALSE
	EndGlobalSection
	GlobalSection(ExtensibilityGlobals) = postSolution
		SolutionGuid = {26B0650A-54AD-47E4-A2F2-FA349592D84E}
	EndGlobalSection
EndGlobal
